<?xml version="1.0" encoding="utf-8"?>
<Project ToolsVersion="4.0" xmlns="http://schemas.microsoft.com/developer/msbuild/2003">
  <ItemGroup>
    <Filter Include="Riyal">
      <UniqueIdentifier>{E67C060E-5291-2EBF-1B13-D21E87E62AF0}</UniqueIdentifier>
    </Filter>
  </ItemGroup>
  <ItemGroup>
    <ClInclude Include="src\Riyal.h" />
    <ClInclude Include="src\Riyal\Application.h">
      <Filter>Riyal</Filter>
    </ClInclude>
    <ClInclude Include="src\Riyal\Core.h">
      <Filter>Riyal</Filter>
    </ClInclude>
    <ClInclude Include="src\Riyal\EntryPoint.h">
      <Filter>Riyal</Filter>
    </ClInclude>
    <ClInclude Include="src\Riyal\Log.h">
      <Filter>Riyal</Filter>
    </ClInclude>
  </ItemGroup>
  <ItemGroup>
    <ClCompile Include="src\Riyal\Application.cpp">
      <Filter>Riyal</Filter>
    </ClCompile>
    <ClCompile Include="src\Riyal\Log.cpp">
      <Filter>Riyal</Filter>
    </ClCompile>
  </ItemGroup>
</Project>